
Microsoft Visual Studio Solution File, Format Version 12.00
# Visual Studio 15
VisualStudioVersion = 15.0.28307.572
MinimumVisualStudioVersion = 10.0.40219.1
Project("{9A19103F-16F7-4668-BE54-9A1E7A4F7556}") = "CarService.Website", "CarService.Website\CarService.Website.csproj", "{BD99C7CB-3114-4138-B1C9-0AABE7263A7E}"
EndProject
Project("{9A19103F-16F7-4668-BE54-9A1E7A4F7556}") = "CarService.Persistence", "CarService.Persistence\CarService.Persistence.csproj", "{3EA33979-0F5C-4136-ACE3-0FFC8BB34687}"
EndProject
Project("{9A19103F-16F7-4668-BE54-9A1E7A4F7556}") = "CarService.WebAPI", "CarService.WebAPI\CarService.WebAPI.csproj", "{E66CF31C-AD4E-4DA6-A488-9D2110B0735C}"
EndProject
Project("{FAE04EC0-301F-11D3-BF4B-00C04F79EFBC}") = "CarService.Data", "CarService.Data\CarService.Data.csproj", "{F46CB5F1-1B33-4407-872F-57D85E4B33A6}"
EndProject
Project("{FAE04EC0-301F-11D3-BF4B-00C04F79EFBC}") = "CarService.Admin", "CarService.Admin\CarService.Admin.csproj", "{32CE846B-DE22-4716-9FEA-1DC7139F9A68}"
EndProject
Project("{FAE04EC0-301F-11D3-BF4B-00C04F79EFBC}") = "CarService.Test", "CarService.Test\CarService.Test.csproj", "{22B64F6B-7D59-406B-8DF2-B6362EFCAA11}"
EndProject
Global
	GlobalSection(SolutionConfigurationPlatforms) = preSolution
		Debug|Any CPU = Debug|Any CPU
		Release|Any CPU = Release|Any CPU
	EndGlobalSection
	GlobalSection(ProjectConfigurationPlatforms) = postSolution
		{BD99C7CB-3114-4138-B1C9-0AABE7263A7E}.Debug|Any CPU.ActiveCfg = Debug|Any CPU
		{BD99C7CB-3114-4138-B1C9-0AABE7263A7E}.Debug|Any CPU.Build.0 = Debug|Any CPU
		{BD99C7CB-3114-4138-B1C9-0AABE7263A7E}.Release|Any CPU.ActiveCfg = Release|Any CPU
		{BD99C7CB-3114-4138-B1C9-0AABE7263A7E}.Release|Any CPU.Build.0 = Release|Any CPU
		{3EA33979-0F5C-4136-ACE3-0FFC8BB34687}.Debug|Any CPU.ActiveCfg = Debug|Any CPU
		{3EA33979-0F5C-4136-ACE3-0FFC8BB34687}.Debug|Any CPU.Build.0 = Debug|Any CPU
		{3EA33979-0F5C-4136-ACE3-0FFC8BB34687}.Release|Any CPU.ActiveCfg = Release|Any CPU
		{3EA33979-0F5C-4136-ACE3-0FFC8BB34687}.Release|Any CPU.Build.0 = Release|Any CPU
		{E66CF31C-AD4E-4DA6-A488-9D2110B0735C}.Debug|Any CPU.ActiveCfg = Debug|Any CPU
		{E66CF31C-AD4E-4DA6-A488-9D2110B0735C}.Debug|Any CPU.Build.0 = Debug|Any CPU
		{E66CF31C-AD4E-4DA6-A488-9D2110B0735C}.Release|Any CPU.ActiveCfg = Release|Any CPU
		{E66CF31C-AD4E-4DA6-A488-9D2110B0735C}.Release|Any CPU.Build.0 = Release|Any CPU
		{F46CB5F1-1B33-4407-872F-57D85E4B33A6}.Debug|Any CPU.ActiveCfg = Debug|Any CPU
		{F46CB5F1-1B33-4407-872F-57D85E4B33A6}.Debug|Any CPU.Build.0 = Debug|Any CPU
		{F46CB5F1-1B33-4407-872F-57D85E4B33A6}.Release|Any CPU.ActiveCfg = Release|Any CPU
		{F46CB5F1-1B33-4407-872F-57D85E4B33A6}.Release|Any CPU.Build.0 = Release|Any CPU
		{32CE846B-DE22-4716-9FEA-1DC7139F9A68}.Debug|Any CPU.ActiveCfg = Debug|Any CPU
		{32CE846B-DE22-4716-9FEA-1DC7139F9A68}.Debug|Any CPU.Build.0 = Debug|Any CPU
		{32CE846B-DE22-4716-9FEA-1DC7139F9A68}.Release|Any CPU.ActiveCfg = Release|Any CPU
		{32CE846B-DE22-4716-9FEA-1DC7139F9A68}.Release|Any CPU.Build.0 = Release|Any CPU
		{22B64F6B-7D59-406B-8DF2-B6362EFCAA11}.Debug|Any CPU.ActiveCfg = Debug|Any CPU
		{22B64F6B-7D59-406B-8DF2-B6362EFCAA11}.Debug|Any CPU.Build.0 = Debug|Any CPU
		{22B64F6B-7D59-406B-8DF2-B6362EFCAA11}.Release|Any CPU.ActiveCfg = Release|Any CPU
		{22B64F6B-7D59-406B-8DF2-B6362EFCAA11}.Release|Any CPU.Build.0 = Release|Any CPU
	EndGlobalSection
	GlobalSection(SolutionProperties) = preSolution
		HideSolutionNode = FALSE
	EndGlobalSection
	GlobalSection(ExtensibilityGlobals) = postSolution
		SolutionGuid = {BE501AE6-11F2-442C-80FC-0415796DB1C3}
	EndGlobalSection
EndGlobal
